
Microsoft Visual Studio Solution File, Format Version 12.00
# Visual Studio Version 17
VisualStudioVersion = 17.7.34221.43
MinimumVisualStudioVersion = 10.0.40219.1
Project("{9A19103F-16F7-4668-BE54-9A1E7A4F7556}") = "ReceiveMessage", "ReceiveMessage\ReceiveMessage.csproj", "{73386E8D-CBD7-433E-9DA9-D76BD8853D8B}"
EndProject
Project("{9A19103F-16F7-4668-BE54-9A1E7A4F7556}") = "CreateMessage", "CreateMessage\CreateMessage.csproj", "{8C9734CE-B70A-4DA3-85C3-766B382B9AB5}"
EndProject
Project("{FAE04EC0-301F-11D3-BF4B-00C04F79EFBC}") = "ReceiveMessage2", "ReceiveMessage2\ReceiveMessage2.csproj", "{4F3BA9F7-4700-450E-AAEA-666E5EFEB329}"
EndProject
Global
	GlobalSection(SolutionConfigurationPlatforms) = preSolution
		Debug|Any CPU = Debug|Any CPU
		Release|Any CPU = Release|Any CPU
	EndGlobalSection
	GlobalSection(ProjectConfigurationPlatforms) = postSolution
		{73386E8D-CBD7-433E-9DA9-D76BD8853D8B}.Debug|Any CPU.ActiveCfg = Debug|Any CPU
		{73386E8D-CBD7-433E-9DA9-D76BD8853D8B}.Debug|Any CPU.Build.0 = Debug|Any CPU
		{73386E8D-CBD7-433E-9DA9-D76BD8853D8B}.Release|Any CPU.ActiveCfg = Release|Any CPU
		{73386E8D-CBD7-433E-9DA9-D76BD8853D8B}.Release|Any CPU.Build.0 = Release|Any CPU
		{8C9734CE-B70A-4DA3-85C3-766B382B9AB5}.Debug|Any CPU.ActiveCfg = Debug|Any CPU
		{8C9734CE-B70A-4DA3-85C3-766B382B9AB5}.Debug|Any CPU.Build.0 = Debug|Any CPU
		{8C9734CE-B70A-4DA3-85C3-766B382B9AB5}.Release|Any CPU.ActiveCfg = Release|Any CPU
		{8C9734CE-B70A-4DA3-85C3-766B382B9AB5}.Release|Any CPU.Build.0 = Release|Any CPU
		{4F3BA9F7-4700-450E-AAEA-666E5EFEB329}.Debug|Any CPU.ActiveCfg = Debug|Any CPU
		{4F3BA9F7-4700-450E-AAEA-666E5EFEB329}.Debug|Any CPU.Build.0 = Debug|Any CPU
		{4F3BA9F7-4700-450E-AAEA-666E5EFEB329}.Release|Any CPU.ActiveCfg = Release|Any CPU
		{4F3BA9F7-4700-450E-AAEA-666E5EFEB329}.Release|Any CPU.Build.0 = Release|Any CPU
	EndGlobalSection
	GlobalSection(SolutionProperties) = preSolution
		HideSolutionNode = FALSE
	EndGlobalSection
	GlobalSection(ExtensibilityGlobals) = postSolution
		SolutionGuid = {431A1979-7245-47A7-A864-FFB3245B26C7}
	EndGlobalSection
EndGlobal
